
Microsoft Visual Studio Solution File, Format Version 12.00
# Visual Studio Version 17
VisualStudioVersion = 17.4.33205.214
MinimumVisualStudioVersion = 10.0.40219.1
Project("{FAE04EC0-301F-11D3-BF4B-00C04F79EFBC}") = "01_MVC_MyProject", "01_MVC_MyProject\01_MVC_MyProject.csproj", "{FE36802B-31CC-430F-9B2E-86E26A0028D8}"
EndProject
Global
	GlobalSection(SolutionConfigurationPlatforms) = preSolution
		Debug|Any CPU = Debug|Any CPU
		Release|Any CPU = Release|Any CPU
	EndGlobalSection
	GlobalSection(ProjectConfigurationPlatforms) = postSolution
		{FE36802B-31CC-430F-9B2E-86E26A0028D8}.Debug|Any CPU.ActiveCfg = Debug|Any CPU
		{FE36802B-31CC-430F-9B2E-86E26A0028D8}.Debug|Any CPU.Build.0 = Debug|Any CPU
		{FE36802B-31CC-430F-9B2E-86E26A0028D8}.Release|Any CPU.ActiveCfg = Release|Any CPU
		{FE36802B-31CC-430F-9B2E-86E26A0028D8}.Release|Any CPU.Build.0 = Release|Any CPU
	EndGlobalSection
	GlobalSection(SolutionProperties) = preSolution
		HideSolutionNode = FALSE
	EndGlobalSection
	GlobalSection(ExtensibilityGlobals) = postSolution
		SolutionGuid = {29DDD826-E233-47E2-9EEB-B6B347969E42}
	EndGlobalSection
EndGlobal
